<?xml version="1.0" encoding="utf-8"?>
<Project ToolsVersion="4.0" xmlns="http://schemas.microsoft.com/developer/msbuild/2003">
  <ItemGroup>
    <Filter Include="Source Files">
      <UniqueIdentifier>{4FC737F1-C7A5-4376-A066-2A32D752A2FF}</UniqueIdentifier>
      <Extensions>cpp;c;cc;cxx;def;odl;idl;hpj;bat;asm;asmx</Extensions>
    </Filter>
    <Filter Include="Build Files">
      <UniqueIdentifier>{e92ccea0-5727-4795-863b-e77235e2fa33}</UniqueIdentifier>
    </Filter>
    <Filter Include="Header Files">
      <UniqueIdentifier>{93995380-89BD-4b04-88EB-625FBE52EBFB}</UniqueIdentifier>
      <Extensions>h;hh;hpp;hxx;hm;inl;inc;ipp;xsd</Extensions>
    </Filter>
    <Filter Include="Resource Files">
      <UniqueIdentifier>{67DA6AB6-F800-4c08-8B7A-83BB121AAD01}</UniqueIdentifier>
      <Extensions>rc;ico;cur;bmp;dlg;rc2;rct;bin;rgs;gif;jpg;jpeg;jpe;resx;tiff;tif;png;wav;mfcribbon-ms</Extensions>
    </Filter>
    <Filter Include="SIP build files">
      <UniqueIdentifier>{55e0fb7e-0ac8-49f5-bca3-1823887c960b}</UniqueIdentifier>
    </Filter>
    <Filter Include="Other">
      <UniqueIdentifier>{abf58256-8e9a-4f91-a854-e97b5cf03080}</UniqueIdentifier>
    </Filter>
    <Filter Include="Python">
      <UniqueIdentifier>{87ed12fd-c947-4de4-98e3-6fe042d06032}</UniqueIdentifier>
    </Filter>
    <Filter Include="Tests">
      <UniqueIdentifier>{ec5d191b-10e7-4518-ad13-91aff72dd9a4}</UniqueIdentifier>
    </Filter>
  </ItemGroup>
  <ItemGroup>
    <ClCompile Include="..\src\main.cpp">
      <Filter>Source Files</Filter>
    </ClCompile>
    <ClCompile Include="..\src\mpinv.cpp">
      <Filter>Source Files</Filter>
    </ClCompile>
  </ItemGroup>
  <ItemGroup>
    <ClInclude Include="..\src\mpinv.h">
      <Filter>Header Files</Filter>
    </ClInclude>
  </ItemGroup>
  <ItemGroup>
    <None Include="..\Makefile">
      <Filter>Build Files</Filter>
    </None>
    <None Include="..\run_build.sh">
      <Filter>Build Files</Filter>
    </None>
    <None Include="..\pyproject.toml">
      <Filter>SIP build files</Filter>
    </None>
    <None Include="..\.gitignore">
      <Filter>Other</Filter>
    </None>
    <None Include="..\pympinv.sip">
      <Filter>SIP build files</Filter>
    </None>
    <None Include="..\src\setup_py\setup.py">
      <Filter>Build Files</Filter>
    </None>
    <None Include="..\src\setup_py\mpinv\__init__.py">
      <Filter>Python</Filter>
    </None>
    <None Include="..\src\setup_py\mpinv\mpinv_wrapper.py">
      <Filter>Python</Filter>
    </None>
    <None Include="..\src\setup_py\mpinv\mpmath_wrapper.py">
      <Filter>Python</Filter>
    </None>
    <None Include="..\test\test1.py">
      <Filter>Tests</Filter>
    </None>
    <None Include="..\test\test2.py">
      <Filter>Tests</Filter>
    </None>
  </ItemGroup>
</Project>